
Microsoft Visual Studio Solution File, Format Version 12.00
# Visual Studio Version 16
VisualStudioVersion = 16.0.32002.261
MinimumVisualStudioVersion = 10.0.40219.1
Project("{FAE04EC0-301F-11D3-BF4B-00C04F79EFBC}") = "ConsoleApp5", "ConsoleApp5\ConsoleApp5.csproj", "{45116C61-380C-4BE2-AD30-F127F9B07A5C}"
EndProject
Global
	GlobalSection(SolutionConfigurationPlatforms) = preSolution
		Debug|Any CPU = Debug|Any CPU
		Release|Any CPU = Release|Any CPU
	EndGlobalSection
	GlobalSection(ProjectConfigurationPlatforms) = postSolution
		{45116C61-380C-4BE2-AD30-F127F9B07A5C}.Debug|Any CPU.ActiveCfg = Debug|Any CPU
		{45116C61-380C-4BE2-AD30-F127F9B07A5C}.Debug|Any CPU.Build.0 = Debug|Any CPU
		{45116C61-380C-4BE2-AD30-F127F9B07A5C}.Release|Any CPU.ActiveCfg = Release|Any CPU
		{45116C61-380C-4BE2-AD30-F127F9B07A5C}.Release|Any CPU.Build.0 = Release|Any CPU
	EndGlobalSection
	GlobalSection(SolutionProperties) = preSolution
		HideSolutionNode = FALSE
	EndGlobalSection
	GlobalSection(ExtensibilityGlobals) = postSolution
		SolutionGuid = {4558BC70-203A-4B86-8940-321813480A5D}
	EndGlobalSection
EndGlobal
